// !$*UTF8*$!
{
	archiveVersion = 1;
	classes = {
	};
	objectVersion = 46;
	objects = {

/* Begin PBXBuildFile section */
		389A44213B0286BBE29D4676 /* libPods-iidaPro-2015Tests.a in Frameworks */ = {isa = PBXBuildFile; fileRef = 1AD91141394A64D343873CB7 /* libPods-iidaPro-2015Tests.a */; };
		8B18F1861B467B5A0060BF02 /* Main.storyboard in Resources */ = {isa = PBXBuildFile; fileRef = 8B18F1851B467B5A0060BF02 /* Main.storyboard */; };
		8B7F9CCF1B4B8763008A825F /* TipsCustomCell.xib in Resources */ = {isa = PBXBuildFile; fileRef = 8B7F9CCE1B4B8763008A825F /* TipsCustomCell.xib */; };
		8B88A87D1B4C949E000D970B /* TipsCustomTableCell.m in Sources */ = {isa = PBXBuildFile; fileRef = 8B88A87C1B4C949E000D970B /* TipsCustomTableCell.m */; };
		8B88A8851B4C9FFE000D970B /* TipsNextViewController.m in Sources */ = {isa = PBXBuildFile; fileRef = 8B88A8841B4C9FFE000D970B /* TipsNextViewController.m */; };
		8B9387861B4DF37E004E70E2 /* TipsViewController.m in Sources */ = {isa = PBXBuildFile; fileRef = 8B9387851B4DF37E004E70E2 /* TipsViewController.m */; };
		8B9CFBA51C0C694900A14020 /* TipsObject.m in Sources */ = {isa = PBXBuildFile; fileRef = 8B9CFBA41C0C694900A14020 /* TipsObject.m */; };
		9920C7821C2C04C5009C3942 /* Realm.framework in Frameworks */ = {isa = PBXBuildFile; fileRef = 9920C7801C2C04C5009C3942 /* Realm.framework */; };
		9920C7831C2C04C5009C3942 /* Realm.framework in Embed Frameworks */ = {isa = PBXBuildFile; fileRef = 9920C7801C2C04C5009C3942 /* Realm.framework */; settings = {ATTRIBUTES = (CodeSignOnCopy, RemoveHeadersOnCopy, ); }; };
		9920C7841C2C04C5009C3942 /* RealmSwift.framework in Frameworks */ = {isa = PBXBuildFile; fileRef = 9920C7811C2C04C5009C3942 /* RealmSwift.framework */; };
		9920C7851C2C04C5009C3942 /* RealmSwift.framework in Embed Frameworks */ = {isa = PBXBuildFile; fileRef = 9920C7811C2C04C5009C3942 /* RealmSwift.framework */; settings = {ATTRIBUTES = (CodeSignOnCopy, RemoveHeadersOnCopy, ); }; };
		9931E7841BF7711600BDB1E1 /* District.m in Sources */ = {isa = PBXBuildFile; fileRef = 9931E7831BF7711600BDB1E1 /* District.m */; };
		9931E7871BFF201700BDB1E1 /* TrashCategory.m in Sources */ = {isa = PBXBuildFile; fileRef = 9931E7861BFF201700BDB1E1 /* TrashCategory.m */; };
		9931E78B1BFF668E00BDB1E1 /* SettingTownViewController.m in Sources */ = {isa = PBXBuildFile; fileRef = 9931E78A1BFF668E00BDB1E1 /* SettingTownViewController.m */; };
		996162CA1C2E514C000A1C10 /* SearchCell.swift in Sources */ = {isa = PBXBuildFile; fileRef = 996162C81C2E514C000A1C10 /* SearchCell.swift */; };
		996162CB1C2E514C000A1C10 /* SearchCell.xib in Resources */ = {isa = PBXBuildFile; fileRef = 996162C91C2E514C000A1C10 /* SearchCell.xib */; };
		996162CD1C2E8A30000A1C10 /* SearchDetailViewController.swift in Sources */ = {isa = PBXBuildFile; fileRef = 996162CC1C2E8A30000A1C10 /* SearchDetailViewController.swift */; };
		996162D11C2FBE2B000A1C10 /* CalendarViewController.swift in Sources */ = {isa = PBXBuildFile; fileRef = 996162D01C2FBE2B000A1C10 /* CalendarViewController.swift */; };
		996AE94E1C01F0F100A85464 /* DataViewController.m in Sources */ = {isa = PBXBuildFile; fileRef = 996AE94D1C01F0F100A85464 /* DataViewController.m */; };
		9976453D1BBEADCB007A5C78 /* CalendarViewControllerOld.m in Sources */ = {isa = PBXBuildFile; fileRef = 9976453C1BBEADCB007A5C78 /* CalendarViewControllerOld.m */; };
		997645401BBEAFFB007A5C78 /* AlarmViewController.m in Sources */ = {isa = PBXBuildFile; fileRef = 9976453F1BBEAFFB007A5C78 /* AlarmViewController.m */; };
		997645431BBEB0FB007A5C78 /* ContactViewController.m in Sources */ = {isa = PBXBuildFile; fileRef = 997645421BBEB0FB007A5C78 /* ContactViewController.m */; };
		997645461BBEB1C9007A5C78 /* SettingViewController.m in Sources */ = {isa = PBXBuildFile; fileRef = 997645451BBEB1C9007A5C78 /* SettingViewController.m */; };
		99781C621B835D3C0083CC7D /* RealmController.m in Sources */ = {isa = PBXBuildFile; fileRef = 99781C611B835D3C0083CC7D /* RealmController.m */; };
		99801E581C28173C00D46A8B /* HomeModel.swift in Sources */ = {isa = PBXBuildFile; fileRef = 99801E571C28173C00D46A8B /* HomeModel.swift */; };
		99801E601C2A607B00D46A8B /* SearchViewController.swift in Sources */ = {isa = PBXBuildFile; fileRef = 99801E5F1C2A607B00D46A8B /* SearchViewController.swift */; };
		99801E621C2A6E9600D46A8B /* SearchModel.swift in Sources */ = {isa = PBXBuildFile; fileRef = 99801E611C2A6E9600D46A8B /* SearchModel.swift */; };
		998992931B33B6A5000B7FD2 /* Images.xcassets in Resources */ = {isa = PBXBuildFile; fileRef = 998992921B33B6A5000B7FD2 /* Images.xcassets */; };
		998992961B33B6A5000B7FD2 /* LaunchScreen.xib in Resources */ = {isa = PBXBuildFile; fileRef = 998992941B33B6A5000B7FD2 /* LaunchScreen.xib */; };
		998992A21B33B6A5000B7FD2 /* iidaPro_2015Tests.m in Sources */ = {isa = PBXBuildFile; fileRef = 998992A11B33B6A5000B7FD2 /* iidaPro_2015Tests.m */; };
		999A74591BF1C62000F25449 /* LocalNotificationManager.m in Sources */ = {isa = PBXBuildFile; fileRef = 999A74581BF1C62000F25449 /* LocalNotificationManager.m */; };
		99A036761C20370B00E7AA1C /* HomeViewController.swift in Sources */ = {isa = PBXBuildFile; fileRef = 99A036751C20370B00E7AA1C /* HomeViewController.swift */; };
		99A036781C20451B00E7AA1C /* MenuCollectionViewCell.swift in Sources */ = {isa = PBXBuildFile; fileRef = 99A036771C20451B00E7AA1C /* MenuCollectionViewCell.swift */; };
		99A408191BF232AD00FC0DDB /* AdjustNSDate.m in Sources */ = {isa = PBXBuildFile; fileRef = 99A408181BF232AD00FC0DDB /* AdjustNSDate.m */; };
		99A86FED1C05EDA400B979BA /* CalendarTableViewCell.m in Sources */ = {isa = PBXBuildFile; fileRef = 99A86FEB1C05EDA400B979BA /* CalendarTableViewCell.m */; };
		99A86FEE1C05EDA400B979BA /* CalendarTableViewCell.xib in Resources */ = {isa = PBXBuildFile; fileRef = 99A86FEC1C05EDA400B979BA /* CalendarTableViewCell.xib */; };
		99C158011C1ABF9200DC527D /* GPSSearchTableViewCell.m in Sources */ = {isa = PBXBuildFile; fileRef = 99C157FF1C1ABF9200DC527D /* GPSSearchTableViewCell.m */; };
		99C158021C1ABF9200DC527D /* GPSSearchTableViewCell.xib in Resources */ = {isa = PBXBuildFile; fileRef = 99C158001C1ABF9200DC527D /* GPSSearchTableViewCell.xib */; };
		99C1732C1C21AE22006C4ED9 /* CircleGradientLayer_swift.swift in Sources */ = {isa = PBXBuildFile; fileRef = 99C1732B1C21AE22006C4ED9 /* CircleGradientLayer_swift.swift */; };
		99C1732E1C22BA29006C4ED9 /* Weather.swift in Sources */ = {isa = PBXBuildFile; fileRef = 99C1732D1C22BA29006C4ED9 /* Weather.swift */; };
		99C173301C22E6D3006C4ED9 /* NSDateEx.swift in Sources */ = {isa = PBXBuildFile; fileRef = 99C1732F1C22E6D3006C4ED9 /* NSDateEx.swift */; };
		99D14E2E1C2BDFC300A1E62A /* Utilities.swift in Sources */ = {isa = PBXBuildFile; fileRef = 99D14E2D1C2BDFC300A1E62A /* Utilities.swift */; };
		99F7438B1BEA3EFD00AF8195 /* TrashAlarmCell.m in Sources */ = {isa = PBXBuildFile; fileRef = 99F743891BEA3EFD00AF8195 /* TrashAlarmCell.m */; };
		99F7438C1BEA3EFD00AF8195 /* TrashAlarmCell.xib in Resources */ = {isa = PBXBuildFile; fileRef = 99F7438A1BEA3EFD00AF8195 /* TrashAlarmCell.xib */; };
		99F743911BEB354800AF8195 /* noMyAlarmCell.m in Sources */ = {isa = PBXBuildFile; fileRef = 99F7438F1BEB354800AF8195 /* noMyAlarmCell.m */; };
		99F743921BEB354800AF8195 /* noMyAlarmCell.xib in Resources */ = {isa = PBXBuildFile; fileRef = 99F743901BEB354800AF8195 /* noMyAlarmCell.xib */; };
		99F743961BEB3BB500AF8195 /* MyAlarmCell.m in Sources */ = {isa = PBXBuildFile; fileRef = 99F743941BEB3BB500AF8195 /* MyAlarmCell.m */; };
		99F743971BEB3BB500AF8195 /* MyAlarmCell.xib in Resources */ = {isa = PBXBuildFile; fileRef = 99F743951BEB3BB500AF8195 /* MyAlarmCell.xib */; };
		99F7439A1BEB50BB00AF8195 /* AlarmPopUpView.m in Sources */ = {isa = PBXBuildFile; fileRef = 99F743991BEB50BB00AF8195 /* AlarmPopUpView.m */; };
		99FEB67F1C1DB6F0007C352A /* RandomNumber.m in Sources */ = {isa = PBXBuildFile; fileRef = 99FEB67E1C1DB6F0007C352A /* RandomNumber.m */; };
		99FEB6BC1C1EE644007C352A /* AppDelegate.swift in Sources */ = {isa = PBXBuildFile; fileRef = 99FEB6BB1C1EE644007C352A /* AppDelegate.swift */; };
		FFB5FC4A92362B27A409D612 /* libPods-iidaPro-2015.a in Frameworks */ = {isa = PBXBuildFile; fileRef = 59FBAFA4A7BFE8E0388ADD9C /* libPods-iidaPro-2015.a */; };
/* End PBXBuildFile section */

/* Begin PBXContainerItemProxy section */
		9989929C1B33B6A5000B7FD2 /* PBXContainerItemProxy */ = {
			isa = PBXContainerItemProxy;
			containerPortal = 9989927A1B33B6A5000B7FD2 /* Project object */;
			proxyType = 1;
			remoteGlobalIDString = 998992811B33B6A5000B7FD2;
			remoteInfo = "iidaPro-2015";
		};
/* End PBXContainerItemProxy section */

/* Begin PBXCopyFilesBuildPhase section */
		9920C7861C2C04C5009C3942 /* Embed Frameworks */ = {
			isa = PBXCopyFilesBuildPhase;
			buildActionMask = 2147483647;
			dstPath = "";
			dstSubfolderSpec = 10;
			files = (
				9920C7851C2C04C5009C3942 /* RealmSwift.framework in Embed Frameworks */,
				9920C7831C2C04C5009C3942 /* Realm.framework in Embed Frameworks */,
			);
			name = "Embed Frameworks";
			runOnlyForDeploymentPostprocessing = 0;
		};
/* End PBXCopyFilesBuildPhase section */

/* Begin PBXFileReference section */
		1AD91141394A64D343873CB7 /* libPods-iidaPro-2015Tests.a */ = {isa = PBXFileReference; explicitFileType = archive.ar; includeInIndex = 0; path = "libPods-iidaPro-2015Tests.a"; sourceTree = BUILT_PRODUCTS_DIR; };
		1BB2B62595F38D5333CA39A7 /* Pods-iidaPro-2015.debug.xcconfig */ = {isa = PBXFileReference; includeInIndex = 1; lastKnownFileType = text.xcconfig; name = "Pods-iidaPro-2015.debug.xcconfig"; path = "Pods/Target Support Files/Pods-iidaPro-2015/Pods-iidaPro-2015.debug.xcconfig"; sourceTree = "<group>"; };
		46F83707640A8F08C706D118 /* Pods-iidaPro-2015Tests.release.xcconfig */ = {isa = PBXFileReference; includeInIndex = 1; lastKnownFileType = text.xcconfig; name = "Pods-iidaPro-2015Tests.release.xcconfig"; path = "Pods/Target Support Files/Pods-iidaPro-2015Tests/Pods-iidaPro-2015Tests.release.xcconfig"; sourceTree = "<group>"; };
		59FBAFA4A7BFE8E0388ADD9C /* libPods-iidaPro-2015.a */ = {isa = PBXFileReference; explicitFileType = archive.ar; includeInIndex = 0; path = "libPods-iidaPro-2015.a"; sourceTree = BUILT_PRODUCTS_DIR; };
		8B18F1851B467B5A0060BF02 /* Main.storyboard */ = {isa = PBXFileReference; fileEncoding = 4; lastKnownFileType = file.storyboard; path = Main.storyboard; sourceTree = "<group>"; };
		8B7F9CCE1B4B8763008A825F /* TipsCustomCell.xib */ = {isa = PBXFileReference; fileEncoding = 4; lastKnownFileType = file.xib; path = TipsCustomCell.xib; sourceTree = "<group>"; };
		8B88A87B1B4C949E000D970B /* TipsCustomTableCell.h */ = {isa = PBXFileReference; fileEncoding = 4; lastKnownFileType = sourcecode.c.h; path = TipsCustomTableCell.h; sourceTree = "<group>"; };
		8B88A87C1B4C949E000D970B /* TipsCustomTableCell.m */ = {isa = PBXFileReference; fileEncoding = 4; lastKnownFileType = sourcecode.c.objc; path = TipsCustomTableCell.m; sourceTree = "<group>"; };
		8B88A87E1B4C95AF000D970B /* tipstableviewconst.h */ = {isa = PBXFileReference; lastKnownFileType = sourcecode.c.h; path = tipstableviewconst.h; sourceTree = "<group>"; };
		8B88A8831B4C9FFE000D970B /* TipsNextViewController.h */ = {isa = PBXFileReference; fileEncoding = 4; lastKnownFileType = sourcecode.c.h; path = TipsNextViewController.h; sourceTree = "<group>"; };
		8B88A8841B4C9FFE000D970B /* TipsNextViewController.m */ = {isa = PBXFileReference; fileEncoding = 4; lastKnownFileType = sourcecode.c.objc; path = TipsNextViewController.m; sourceTree = "<group>"; };
		8B9387841B4DF37E004E70E2 /* TipsViewController.h */ = {isa = PBXFileReference; fileEncoding = 4; lastKnownFileType = sourcecode.c.h; path = TipsViewController.h; sourceTree = "<group>"; };
		8B9387851B4DF37E004E70E2 /* TipsViewController.m */ = {isa = PBXFileReference; fileEncoding = 4; lastKnownFileType = sourcecode.c.objc; path = TipsViewController.m; sourceTree = "<group>"; };
		8B9CFBA31C0C694900A14020 /* TipsObject.h */ = {isa = PBXFileReference; fileEncoding = 4; lastKnownFileType = sourcecode.c.h; path = TipsObject.h; sourceTree = "<group>"; };
		8B9CFBA41C0C694900A14020 /* TipsObject.m */ = {isa = PBXFileReference; fileEncoding = 4; lastKnownFileType = sourcecode.c.objc; path = TipsObject.m; sourceTree = "<group>"; };
		9920C7801C2C04C5009C3942 /* Realm.framework */ = {isa = PBXFileReference; lastKnownFileType = wrapper.framework; name = Realm.framework; path = Carthage/Build/iOS/Realm.framework; sourceTree = "<group>"; };
		9920C7811C2C04C5009C3942 /* RealmSwift.framework */ = {isa = PBXFileReference; lastKnownFileType = wrapper.framework; name = RealmSwift.framework; path = Carthage/Build/iOS/RealmSwift.framework; sourceTree = "<group>"; };
		9931E7821BF7711600BDB1E1 /* District.h */ = {isa = PBXFileReference; fileEncoding = 4; lastKnownFileType = sourcecode.c.h; path = District.h; sourceTree = "<group>"; };
		9931E7831BF7711600BDB1E1 /* District.m */ = {isa = PBXFileReference; fileEncoding = 4; lastKnownFileType = sourcecode.c.objc; path = District.m; sourceTree = "<group>"; };
		9931E7851BFF201700BDB1E1 /* TrashCategory.h */ = {isa = PBXFileReference; fileEncoding = 4; lastKnownFileType = sourcecode.c.h; path = TrashCategory.h; sourceTree = "<group>"; };
		9931E7861BFF201700BDB1E1 /* TrashCategory.m */ = {isa = PBXFileReference; fileEncoding = 4; lastKnownFileType = sourcecode.c.objc; path = TrashCategory.m; sourceTree = "<group>"; };
		9931E7891BFF668E00BDB1E1 /* SettingTownViewController.h */ = {isa = PBXFileReference; fileEncoding = 4; lastKnownFileType = sourcecode.c.h; path = SettingTownViewController.h; sourceTree = "<group>"; };
		9931E78A1BFF668E00BDB1E1 /* SettingTownViewController.m */ = {isa = PBXFileReference; fileEncoding = 4; lastKnownFileType = sourcecode.c.objc; path = SettingTownViewController.m; sourceTree = "<group>"; };
		996162C81C2E514C000A1C10 /* SearchCell.swift */ = {isa = PBXFileReference; fileEncoding = 4; lastKnownFileType = sourcecode.swift; path = SearchCell.swift; sourceTree = "<group>"; };
		996162C91C2E514C000A1C10 /* SearchCell.xib */ = {isa = PBXFileReference; fileEncoding = 4; lastKnownFileType = file.xib; path = SearchCell.xib; sourceTree = "<group>"; };
		996162CC1C2E8A30000A1C10 /* SearchDetailViewController.swift */ = {isa = PBXFileReference; fileEncoding = 4; lastKnownFileType = sourcecode.swift; path = SearchDetailViewController.swift; sourceTree = "<group>"; };
		996162D01C2FBE2B000A1C10 /* CalendarViewController.swift */ = {isa = PBXFileReference; fileEncoding = 4; lastKnownFileType = sourcecode.swift; path = CalendarViewController.swift; sourceTree = "<group>"; };
		996AE94C1C01F0F100A85464 /* DataViewController.h */ = {isa = PBXFileReference; fileEncoding = 4; lastKnownFileType = sourcecode.c.h; path = DataViewController.h; sourceTree = "<group>"; };
		996AE94D1C01F0F100A85464 /* DataViewController.m */ = {isa = PBXFileReference; fileEncoding = 4; lastKnownFileType = sourcecode.c.objc; path = DataViewController.m; sourceTree = "<group>"; };
		9976453B1BBEADCB007A5C78 /* CalendarViewControllerOld.h */ = {isa = PBXFileReference; fileEncoding = 4; lastKnownFileType = sourcecode.c.h; path = CalendarViewControllerOld.h; sourceTree = "<group>"; };
		9976453C1BBEADCB007A5C78 /* CalendarViewControllerOld.m */ = {isa = PBXFileReference; fileEncoding = 4; lastKnownFileType = sourcecode.c.objc; path = CalendarViewControllerOld.m; sourceTree = "<group>"; };
		9976453E1BBEAFFB007A5C78 /* AlarmViewController.h */ = {isa = PBXFileReference; fileEncoding = 4; lastKnownFileType = sourcecode.c.h; path = AlarmViewController.h; sourceTree = "<group>"; };
		9976453F1BBEAFFB007A5C78 /* AlarmViewController.m */ = {isa = PBXFileReference; fileEncoding = 4; lastKnownFileType = sourcecode.c.objc; path = AlarmViewController.m; sourceTree = "<group>"; };
		997645411BBEB0FB007A5C78 /* ContactViewController.h */ = {isa = PBXFileReference; fileEncoding = 4; lastKnownFileType = sourcecode.c.h; path = ContactViewController.h; sourceTree = "<group>"; };
		997645421BBEB0FB007A5C78 /* ContactViewController.m */ = {isa = PBXFileReference; fileEncoding = 4; lastKnownFileType = sourcecode.c.objc; path = ContactViewController.m; sourceTree = "<group>"; };
		997645441BBEB1C9007A5C78 /* SettingViewController.h */ = {isa = PBXFileReference; fileEncoding = 4; lastKnownFileType = sourcecode.c.h; path = SettingViewController.h; sourceTree = "<group>"; };
		997645451BBEB1C9007A5C78 /* SettingViewController.m */ = {isa = PBXFileReference; fileEncoding = 4; lastKnownFileType = sourcecode.c.objc; path = SettingViewController.m; sourceTree = "<group>"; };
		99781C601B835D3C0083CC7D /* RealmController.h */ = {isa = PBXFileReference; fileEncoding = 4; lastKnownFileType = sourcecode.c.h; path = RealmController.h; sourceTree = "<group>"; };
		99781C611B835D3C0083CC7D /* RealmController.m */ = {isa = PBXFileReference; fileEncoding = 4; lastKnownFileType = sourcecode.c.objc; path = RealmController.m; sourceTree = "<group>"; };
		99801E571C28173C00D46A8B /* HomeModel.swift */ = {isa = PBXFileReference; fileEncoding = 4; lastKnownFileType = sourcecode.swift; path = HomeModel.swift; sourceTree = "<group>"; };
		99801E5F1C2A607B00D46A8B /* SearchViewController.swift */ = {isa = PBXFileReference; fileEncoding = 4; lastKnownFileType = sourcecode.swift; path = SearchViewController.swift; sourceTree = "<group>"; };
		99801E611C2A6E9600D46A8B /* SearchModel.swift */ = {isa = PBXFileReference; fileEncoding = 4; lastKnownFileType = sourcecode.swift; path = SearchModel.swift; sourceTree = "<group>"; };
		998992821B33B6A5000B7FD2 /* iidaPro-2015.app */ = {isa = PBXFileReference; explicitFileType = wrapper.application; includeInIndex = 0; path = "iidaPro-2015.app"; sourceTree = BUILT_PRODUCTS_DIR; };
		998992861B33B6A5000B7FD2 /* Info.plist */ = {isa = PBXFileReference; lastKnownFileType = text.plist.xml; path = Info.plist; sourceTree = "<group>"; };
		998992921B33B6A5000B7FD2 /* Images.xcassets */ = {isa = PBXFileReference; lastKnownFileType = folder.assetcatalog; path = Images.xcassets; sourceTree = "<group>"; };
		998992951B33B6A5000B7FD2 /* Base */ = {isa = PBXFileReference; lastKnownFileType = file.xib; name = Base; path = Base.lproj/LaunchScreen.xib; sourceTree = "<group>"; };
		9989929B1B33B6A5000B7FD2 /* iidaPro-2015Tests.xctest */ = {isa = PBXFileReference; explicitFileType = wrapper.cfbundle; includeInIndex = 0; path = "iidaPro-2015Tests.xctest"; sourceTree = BUILT_PRODUCTS_DIR; };
		998992A01B33B6A5000B7FD2 /* Info.plist */ = {isa = PBXFileReference; lastKnownFileType = text.plist.xml; path = Info.plist; sourceTree = "<group>"; };
		998992A11B33B6A5000B7FD2 /* iidaPro_2015Tests.m */ = {isa = PBXFileReference; lastKnownFileType = sourcecode.c.objc; path = iidaPro_2015Tests.m; sourceTree = "<group>"; };
		999A74571BF1C62000F25449 /* LocalNotificationManager.h */ = {isa = PBXFileReference; fileEncoding = 4; lastKnownFileType = sourcecode.c.h; path = LocalNotificationManager.h; sourceTree = "<group>"; };
		999A74581BF1C62000F25449 /* LocalNotificationManager.m */ = {isa = PBXFileReference; fileEncoding = 4; lastKnownFileType = sourcecode.c.objc; path = LocalNotificationManager.m; sourceTree = "<group>"; };
		99A036751C20370B00E7AA1C /* HomeViewController.swift */ = {isa = PBXFileReference; fileEncoding = 4; lastKnownFileType = sourcecode.swift; path = HomeViewController.swift; sourceTree = "<group>"; };
		99A036771C20451B00E7AA1C /* MenuCollectionViewCell.swift */ = {isa = PBXFileReference; fileEncoding = 4; lastKnownFileType = sourcecode.swift; path = MenuCollectionViewCell.swift; sourceTree = "<group>"; };
		99A408171BF232AD00FC0DDB /* AdjustNSDate.h */ = {isa = PBXFileReference; fileEncoding = 4; lastKnownFileType = sourcecode.c.h; path = AdjustNSDate.h; sourceTree = "<group>"; };
		99A408181BF232AD00FC0DDB /* AdjustNSDate.m */ = {isa = PBXFileReference; fileEncoding = 4; lastKnownFileType = sourcecode.c.objc; path = AdjustNSDate.m; sourceTree = "<group>"; };
		99A86FEA1C05EDA400B979BA /* CalendarTableViewCell.h */ = {isa = PBXFileReference; fileEncoding = 4; lastKnownFileType = sourcecode.c.h; path = CalendarTableViewCell.h; sourceTree = "<group>"; };
		99A86FEB1C05EDA400B979BA /* CalendarTableViewCell.m */ = {isa = PBXFileReference; fileEncoding = 4; lastKnownFileType = sourcecode.c.objc; path = CalendarTableViewCell.m; sourceTree = "<group>"; };
		99A86FEC1C05EDA400B979BA /* CalendarTableViewCell.xib */ = {isa = PBXFileReference; fileEncoding = 4; lastKnownFileType = file.xib; path = CalendarTableViewCell.xib; sourceTree = "<group>"; };
		99C157FE1C1ABF9200DC527D /* GPSSearchTableViewCell.h */ = {isa = PBXFileReference; fileEncoding = 4; lastKnownFileType = sourcecode.c.h; path = GPSSearchTableViewCell.h; sourceTree = "<group>"; };
		99C157FF1C1ABF9200DC527D /* GPSSearchTableViewCell.m */ = {isa = PBXFileReference; fileEncoding = 4; lastKnownFileType = sourcecode.c.objc; path = GPSSearchTableViewCell.m; sourceTree = "<group>"; };
		99C158001C1ABF9200DC527D /* GPSSearchTableViewCell.xib */ = {isa = PBXFileReference; fileEncoding = 4; lastKnownFileType = file.xib; path = GPSSearchTableViewCell.xib; sourceTree = "<group>"; };
		99C1732B1C21AE22006C4ED9 /* CircleGradientLayer_swift.swift */ = {isa = PBXFileReference; fileEncoding = 4; lastKnownFileType = sourcecode.swift; path = CircleGradientLayer_swift.swift; sourceTree = "<group>"; };
		99C1732D1C22BA29006C4ED9 /* Weather.swift */ = {isa = PBXFileReference; fileEncoding = 4; lastKnownFileType = sourcecode.swift; path = Weather.swift; sourceTree = "<group>"; };
		99C1732F1C22E6D3006C4ED9 /* NSDateEx.swift */ = {isa = PBXFileReference; fileEncoding = 4; lastKnownFileType = sourcecode.swift; path = NSDateEx.swift; sourceTree = "<group>"; };
		99D14E2D1C2BDFC300A1E62A /* Utilities.swift */ = {isa = PBXFileReference; fileEncoding = 4; lastKnownFileType = sourcecode.swift; path = Utilities.swift; sourceTree = "<group>"; };
		99F743881BEA3EFD00AF8195 /* TrashAlarmCell.h */ = {isa = PBXFileReference; fileEncoding = 4; lastKnownFileType = sourcecode.c.h; path = TrashAlarmCell.h; sourceTree = "<group>"; };
		99F743891BEA3EFD00AF8195 /* TrashAlarmCell.m */ = {isa = PBXFileReference; fileEncoding = 4; lastKnownFileType = sourcecode.c.objc; path = TrashAlarmCell.m; sourceTree = "<group>"; };
		99F7438A1BEA3EFD00AF8195 /* TrashAlarmCell.xib */ = {isa = PBXFileReference; fileEncoding = 4; lastKnownFileType = file.xib; path = TrashAlarmCell.xib; sourceTree = "<group>"; };
		99F7438E1BEB354800AF8195 /* noMyAlarmCell.h */ = {isa = PBXFileReference; fileEncoding = 4; lastKnownFileType = sourcecode.c.h; path = noMyAlarmCell.h; sourceTree = "<group>"; };
		99F7438F1BEB354800AF8195 /* noMyAlarmCell.m */ = {isa = PBXFileReference; fileEncoding = 4; lastKnownFileType = sourcecode.c.objc; path = noMyAlarmCell.m; sourceTree = "<group>"; };
		99F743901BEB354800AF8195 /* noMyAlarmCell.xib */ = {isa = PBXFileReference; fileEncoding = 4; lastKnownFileType = file.xib; path = noMyAlarmCell.xib; sourceTree = "<group>"; };
		99F743931BEB3BB500AF8195 /* MyAlarmCell.h */ = {isa = PBXFileReference; fileEncoding = 4; lastKnownFileType = sourcecode.c.h; path = MyAlarmCell.h; sourceTree = "<group>"; };
		99F743941BEB3BB500AF8195 /* MyAlarmCell.m */ = {isa = PBXFileReference; fileEncoding = 4; lastKnownFileType = sourcecode.c.objc; path = MyAlarmCell.m; sourceTree = "<group>"; };
		99F743951BEB3BB500AF8195 /* MyAlarmCell.xib */ = {isa = PBXFileReference; fileEncoding = 4; lastKnownFileType = file.xib; path = MyAlarmCell.xib; sourceTree = "<group>"; };
		99F743981BEB50BB00AF8195 /* AlarmPopUpView.h */ = {isa = PBXFileReference; fileEncoding = 4; lastKnownFileType = sourcecode.c.h; path = AlarmPopUpView.h; sourceTree = "<group>"; };
		99F743991BEB50BB00AF8195 /* AlarmPopUpView.m */ = {isa = PBXFileReference; fileEncoding = 4; lastKnownFileType = sourcecode.c.objc; path = AlarmPopUpView.m; sourceTree = "<group>"; };
		99FEB67D1C1DB6F0007C352A /* RandomNumber.h */ = {isa = PBXFileReference; fileEncoding = 4; lastKnownFileType = sourcecode.c.h; path = RandomNumber.h; sourceTree = "<group>"; };
		99FEB67E1C1DB6F0007C352A /* RandomNumber.m */ = {isa = PBXFileReference; fileEncoding = 4; lastKnownFileType = sourcecode.c.objc; path = RandomNumber.m; sourceTree = "<group>"; };
		99FEB6BA1C1EE644007C352A /* iidaPro-2015-Bridging-Header.h */ = {isa = PBXFileReference; lastKnownFileType = sourcecode.c.h; path = "iidaPro-2015-Bridging-Header.h"; sourceTree = "<group>"; };
		99FEB6BB1C1EE644007C352A /* AppDelegate.swift */ = {isa = PBXFileReference; fileEncoding = 4; lastKnownFileType = sourcecode.swift; path = AppDelegate.swift; sourceTree = "<group>"; };
		B724D6246FB52462BBC8C540 /* Pods-iidaPro-2015.release.xcconfig */ = {isa = PBXFileReference; includeInIndex = 1; lastKnownFileType = text.xcconfig; name = "Pods-iidaPro-2015.release.xcconfig"; path = "Pods/Target Support Files/Pods-iidaPro-2015/Pods-iidaPro-2015.release.xcconfig"; sourceTree = "<group>"; };
		BEDB9DFAF44AABBF0346C543 /* Pods-iidaPro-2015Tests.debug.xcconfig */ = {isa = PBXFileReference; includeInIndex = 1; lastKnownFileType = text.xcconfig; name = "Pods-iidaPro-2015Tests.debug.xcconfig"; path = "Pods/Target Support Files/Pods-iidaPro-2015Tests/Pods-iidaPro-2015Tests.debug.xcconfig"; sourceTree = "<group>"; };
/* End PBXFileReference section */

/* Begin PBXFrameworksBuildPhase section */
		9989927F1B33B6A5000B7FD2 /* Frameworks */ = {
			isa = PBXFrameworksBuildPhase;
			buildActionMask = 2147483647;
			files = (
				9920C7821C2C04C5009C3942 /* Realm.framework in Frameworks */,
				FFB5FC4A92362B27A409D612 /* libPods-iidaPro-2015.a in Frameworks */,
				9920C7841C2C04C5009C3942 /* RealmSwift.framework in Frameworks */,
			);
			runOnlyForDeploymentPostprocessing = 0;
		};
		998992981B33B6A5000B7FD2 /* Frameworks */ = {
			isa = PBXFrameworksBuildPhase;
			buildActionMask = 2147483647;
			files = (
				389A44213B0286BBE29D4676 /* libPods-iidaPro-2015Tests.a in Frameworks */,
			);
			runOnlyForDeploymentPostprocessing = 0;
		};
/* End PBXFrameworksBuildPhase section */

/* Begin PBXGroup section */
		50BB014282667F8487AEB368 /* Frameworks */ = {
			isa = PBXGroup;
			children = (
				59FBAFA4A7BFE8E0388ADD9C /* libPods-iidaPro-2015.a */,
				1AD91141394A64D343873CB7 /* libPods-iidaPro-2015Tests.a */,
			);
			name = Frameworks;
			sourceTree = "<group>";
		};
		6803BDFF8FBEE7421D415586 /* Pods */ = {
			isa = PBXGroup;
			children = (
				1BB2B62595F38D5333CA39A7 /* Pods-iidaPro-2015.debug.xcconfig */,
				B724D6246FB52462BBC8C540 /* Pods-iidaPro-2015.release.xcconfig */,
				BEDB9DFAF44AABBF0346C543 /* Pods-iidaPro-2015Tests.debug.xcconfig */,
				46F83707640A8F08C706D118 /* Pods-iidaPro-2015Tests.release.xcconfig */,
			);
			name = Pods;
			sourceTree = "<group>";
		};
		8B7F9CCD1B4B8711008A825F /* tips */ = {
			isa = PBXGroup;
			children = (
				8B7F9CCE1B4B8763008A825F /* TipsCustomCell.xib */,
				8B9387841B4DF37E004E70E2 /* TipsViewController.h */,
				8B9387851B4DF37E004E70E2 /* TipsViewController.m */,
				8B88A87B1B4C949E000D970B /* TipsCustomTableCell.h */,
				8B88A87C1B4C949E000D970B /* TipsCustomTableCell.m */,
				8B88A87E1B4C95AF000D970B /* tipstableviewconst.h */,
				8B88A8821B4C9FAF000D970B /* TipNext */,
			);
			name = tips;
			sourceTree = "<group>";
		};
		8B88A8821B4C9FAF000D970B /* TipNext */ = {
			isa = PBXGroup;
			children = (
				8B88A8831B4C9FFE000D970B /* TipsNextViewController.h */,
				8B88A8841B4C9FFE000D970B /* TipsNextViewController.m */,
			);
			name = TipNext;
			sourceTree = "<group>";
		};
		991998021B88A239005DD65F /* Search */ = {
			isa = PBXGroup;
			children = (
				99801E5F1C2A607B00D46A8B /* SearchViewController.swift */,
				996162CC1C2E8A30000A1C10 /* SearchDetailViewController.swift */,
				996162CF1C2EA7CE000A1C10 /* Model */,
				9976453A1BBE8C3E007A5C78 /* View */,
			);
			name = Search;
			sourceTree = "<group>";
		};
		9931E7881BFF5C1700BDB1E1 /* Setting */ = {
			isa = PBXGroup;
			children = (
				997645441BBEB1C9007A5C78 /* SettingViewController.h */,
				997645451BBEB1C9007A5C78 /* SettingViewController.m */,
				9931E7891BFF668E00BDB1E1 /* SettingTownViewController.h */,
				9931E78A1BFF668E00BDB1E1 /* SettingTownViewController.m */,
				99C158031C1ABF9800DC527D /* Cell */,
			);
			name = Setting;
			sourceTree = "<group>";
		};
		996162CF1C2EA7CE000A1C10 /* Model */ = {
			isa = PBXGroup;
			children = (
				99801E611C2A6E9600D46A8B /* SearchModel.swift */,
			);
			name = Model;
			sourceTree = "<group>";
		};
		996AE94F1C01F15100A85464 /* Calendar */ = {
			isa = PBXGroup;
			children = (
				9976453B1BBEADCB007A5C78 /* CalendarViewControllerOld.h */,
				9976453C1BBEADCB007A5C78 /* CalendarViewControllerOld.m */,
				996AE94C1C01F0F100A85464 /* DataViewController.h */,
				996AE94D1C01F0F100A85464 /* DataViewController.m */,
				99FEB67D1C1DB6F0007C352A /* RandomNumber.h */,
				99FEB67E1C1DB6F0007C352A /* RandomNumber.m */,
				996162D01C2FBE2B000A1C10 /* CalendarViewController.swift */,
				99A86FEF1C05EDA900B979BA /* Cell */,
			);
			name = Calendar;
			sourceTree = "<group>";
		};
		9976453A1BBE8C3E007A5C78 /* View */ = {
			isa = PBXGroup;
			children = (
				996162C81C2E514C000A1C10 /* SearchCell.swift */,
				996162C91C2E514C000A1C10 /* SearchCell.xib */,
			);
			name = View;
			sourceTree = "<group>";
		};
		99781C591B8355540083CC7D /* Realm */ = {
			isa = PBXGroup;
			children = (
				99781C601B835D3C0083CC7D /* RealmController.h */,
				99781C611B835D3C0083CC7D /* RealmController.m */,
				8B9CFBA31C0C694900A14020 /* TipsObject.h */,
				8B9CFBA41C0C694900A14020 /* TipsObject.m */,
				9931E7821BF7711600BDB1E1 /* District.h */,
				9931E7831BF7711600BDB1E1 /* District.m */,
				9931E7851BFF201700BDB1E1 /* TrashCategory.h */,
				9931E7861BFF201700BDB1E1 /* TrashCategory.m */,
			);
			name = Realm;
			sourceTree = "<group>";
		};
		99801E521C27FA3A00D46A8B /* Model */ = {
			isa = PBXGroup;
			children = (
				99C1732D1C22BA29006C4ED9 /* Weather.swift */,
				99801E571C28173C00D46A8B /* HomeModel.swift */,
			);
			name = Model;
			sourceTree = "<group>";
		};
		99801E541C2816C600D46A8B /* View */ = {
			isa = PBXGroup;
			children = (
				99A036771C20451B00E7AA1C /* MenuCollectionViewCell.swift */,
				99C1732B1C21AE22006C4ED9 /* CircleGradientLayer_swift.swift */,
			);
			name = View;
			sourceTree = "<group>";
		};
		998992791B33B6A5000B7FD2 = {
			isa = PBXGroup;
			children = (
				99B9476F1C2C18F100971539 /* Carthage */,
				998992841B33B6A5000B7FD2 /* iidaPro-2015 */,
				9989929E1B33B6A5000B7FD2 /* iidaPro-2015Tests */,
				998992831B33B6A5000B7FD2 /* Products */,
				6803BDFF8FBEE7421D415586 /* Pods */,
				50BB014282667F8487AEB368 /* Frameworks */,
			);
			sourceTree = "<group>";
		};
		998992831B33B6A5000B7FD2 /* Products */ = {
			isa = PBXGroup;
			children = (
				998992821B33B6A5000B7FD2 /* iidaPro-2015.app */,
				9989929B1B33B6A5000B7FD2 /* iidaPro-2015Tests.xctest */,
			);
			name = Products;
			sourceTree = "<group>";
		};
		998992841B33B6A5000B7FD2 /* iidaPro-2015 */ = {
			isa = PBXGroup;
			children = (
				99FEB6BB1C1EE644007C352A /* AppDelegate.swift */,
				99EADFEB1C089B3800655BE6 /* Top */,
				991998021B88A239005DD65F /* Search */,
				8B7F9CCD1B4B8711008A825F /* tips */,
				996AE94F1C01F15100A85464 /* Calendar */,
				99F743871BEA3E9400AF8195 /* Alarm */,
				99EADFEC1C089B4900655BE6 /* Contact */,
				9931E7881BFF5C1700BDB1E1 /* Setting */,
				99EADFED1C089B5B00655BE6 /* Extra */,
				99781C591B8355540083CC7D /* Realm */,
				99FEB6BA1C1EE644007C352A /* iidaPro-2015-Bridging-Header.h */,
				8B18F1851B467B5A0060BF02 /* Main.storyboard */,
				998992921B33B6A5000B7FD2 /* Images.xcassets */,
				998992941B33B6A5000B7FD2 /* LaunchScreen.xib */,
				998992851B33B6A5000B7FD2 /* Supporting Files */,
			);
			path = "iidaPro-2015";
			sourceTree = "<group>";
		};
		998992851B33B6A5000B7FD2 /* Supporting Files */ = {
			isa = PBXGroup;
			children = (
				998992861B33B6A5000B7FD2 /* Info.plist */,
			);
			name = "Supporting Files";
			sourceTree = "<group>";
		};
		9989929E1B33B6A5000B7FD2 /* iidaPro-2015Tests */ = {
			isa = PBXGroup;
			children = (
				998992A11B33B6A5000B7FD2 /* iidaPro_2015Tests.m */,
				9989929F1B33B6A5000B7FD2 /* Supporting Files */,
			);
			path = "iidaPro-2015Tests";
			sourceTree = "<group>";
		};
		9989929F1B33B6A5000B7FD2 /* Supporting Files */ = {
			isa = PBXGroup;
			children = (
				998992A01B33B6A5000B7FD2 /* Info.plist */,
			);
			name = "Supporting Files";
			sourceTree = "<group>";
		};
		99A86FEF1C05EDA900B979BA /* Cell */ = {
			isa = PBXGroup;
			children = (
				99A86FEA1C05EDA400B979BA /* CalendarTableViewCell.h */,
				99A86FEB1C05EDA400B979BA /* CalendarTableViewCell.m */,
				99A86FEC1C05EDA400B979BA /* CalendarTableViewCell.xib */,
			);
			name = Cell;
			sourceTree = "<group>";
		};
		99B9476F1C2C18F100971539 /* Carthage */ = {
			isa = PBXGroup;
			children = (
				9920C7801C2C04C5009C3942 /* Realm.framework */,
				9920C7811C2C04C5009C3942 /* RealmSwift.framework */,
			);
			name = Carthage;
			sourceTree = "<group>";
		};
		99C158031C1ABF9800DC527D /* Cell */ = {
			isa = PBXGroup;
			children = (
				99C157FE1C1ABF9200DC527D /* GPSSearchTableViewCell.h */,
				99C157FF1C1ABF9200DC527D /* GPSSearchTableViewCell.m */,
				99C158001C1ABF9200DC527D /* GPSSearchTableViewCell.xib */,
			);
			name = Cell;
			sourceTree = "<group>";
		};
		99EADFEB1C089B3800655BE6 /* Top */ = {
			isa = PBXGroup;
			children = (
				99A036751C20370B00E7AA1C /* HomeViewController.swift */,
				99801E541C2816C600D46A8B /* View */,
				99801E521C27FA3A00D46A8B /* Model */,
			);
			name = Top;
			sourceTree = "<group>";
		};
		99EADFEC1C089B4900655BE6 /* Contact */ = {
			isa = PBXGroup;
			children = (
				997645411BBEB0FB007A5C78 /* ContactViewController.h */,
				997645421BBEB0FB007A5C78 /* ContactViewController.m */,
			);
			name = Contact;
			sourceTree = "<group>";
		};
		99EADFED1C089B5B00655BE6 /* Extra */ = {
			isa = PBXGroup;
			children = (
				99A408171BF232AD00FC0DDB /* AdjustNSDate.h */,
				99A408181BF232AD00FC0DDB /* AdjustNSDate.m */,
				99C1732F1C22E6D3006C4ED9 /* NSDateEx.swift */,
				99D14E2D1C2BDFC300A1E62A /* Utilities.swift */,
			);
			name = Extra;
			sourceTree = "<group>";
		};
		99F743871BEA3E9400AF8195 /* Alarm */ = {
			isa = PBXGroup;
			children = (
				9976453E1BBEAFFB007A5C78 /* AlarmViewController.h */,
				9976453F1BBEAFFB007A5C78 /* AlarmViewController.m */,
				99F743981BEB50BB00AF8195 /* AlarmPopUpView.h */,
				99F743991BEB50BB00AF8195 /* AlarmPopUpView.m */,
				999A74571BF1C62000F25449 /* LocalNotificationManager.h */,
				999A74581BF1C62000F25449 /* LocalNotificationManager.m */,
				99F7438D1BEA3F0500AF8195 /* Cell */,
			);
			name = Alarm;
			sourceTree = "<group>";
		};
		99F7438D1BEA3F0500AF8195 /* Cell */ = {
			isa = PBXGroup;
			children = (
				99F743881BEA3EFD00AF8195 /* TrashAlarmCell.h */,
				99F743891BEA3EFD00AF8195 /* TrashAlarmCell.m */,
				99F7438A1BEA3EFD00AF8195 /* TrashAlarmCell.xib */,
				99F7438E1BEB354800AF8195 /* noMyAlarmCell.h */,
				99F7438F1BEB354800AF8195 /* noMyAlarmCell.m */,
				99F743901BEB354800AF8195 /* noMyAlarmCell.xib */,
				99F743931BEB3BB500AF8195 /* MyAlarmCell.h */,
				99F743941BEB3BB500AF8195 /* MyAlarmCell.m */,
				99F743951BEB3BB500AF8195 /* MyAlarmCell.xib */,
			);
			name = Cell;
			sourceTree = "<group>";
		};
/* End PBXGroup section */

/* Begin PBXNativeTarget section */
		998992811B33B6A5000B7FD2 /* iidaPro-2015 */ = {
			isa = PBXNativeTarget;
			buildConfigurationList = 998992A51B33B6A5000B7FD2 /* Build configuration list for PBXNativeTarget "iidaPro-2015" */;
			buildPhases = (
				BB7130A464909E4C2CABF593 /* Check Pods Manifest.lock */,
				9989927E1B33B6A5000B7FD2 /* Sources */,
				9989927F1B33B6A5000B7FD2 /* Frameworks */,
				998992801B33B6A5000B7FD2 /* Resources */,
				DEFBDCEDC184DF27BF3C98A4 /* Copy Pods Resources */,
				4B3B92A844D409501D579181 /* Embed Pods Frameworks */,
				9920C7861C2C04C5009C3942 /* Embed Frameworks */,
			);
			buildRules = (
			);
			dependencies = (
			);
			name = "iidaPro-2015";
			productName = "iidaPro-2015";
			productReference = 998992821B33B6A5000B7FD2 /* iidaPro-2015.app */;
			productType = "com.apple.product-type.application";
		};
		9989929A1B33B6A5000B7FD2 /* iidaPro-2015Tests */ = {
			isa = PBXNativeTarget;
			buildConfigurationList = 998992A81B33B6A5000B7FD2 /* Build configuration list for PBXNativeTarget "iidaPro-2015Tests" */;
			buildPhases = (
				4B6C51B85EFA73FA43D64627 /* Check Pods Manifest.lock */,
				998992971B33B6A5000B7FD2 /* Sources */,
				998992981B33B6A5000B7FD2 /* Frameworks */,
				998992991B33B6A5000B7FD2 /* Resources */,
			);
			buildRules = (
			);
			dependencies = (
				9989929D1B33B6A5000B7FD2 /* PBXTargetDependency */,
			);
			name = "iidaPro-2015Tests";
			productName = "iidaPro-2015Tests";
			productReference = 9989929B1B33B6A5000B7FD2 /* iidaPro-2015Tests.xctest */;
			productType = "com.apple.product-type.bundle.unit-test";
		};
/* End PBXNativeTarget section */

/* Begin PBXProject section */
		9989927A1B33B6A5000B7FD2 /* Project object */ = {
			isa = PBXProject;
			attributes = {
				LastSwiftUpdateCheck = 0720;
				LastUpgradeCheck = 0700;
				ORGANIZATIONNAME = akaimo;
				TargetAttributes = {
					998992811B33B6A5000B7FD2 = {
						CreatedOnToolsVersion = 6.3.2;
					};
					9989929A1B33B6A5000B7FD2 = {
						CreatedOnToolsVersion = 6.3.2;
						TestTargetID = 998992811B33B6A5000B7FD2;
					};
				};
			};
			buildConfigurationList = 9989927D1B33B6A5000B7FD2 /* Build configuration list for PBXProject "iidaPro-2015" */;
			compatibilityVersion = "Xcode 3.2";
			developmentRegion = English;
			hasScannedForEncodings = 0;
			knownRegions = (
				en,
				Base,
			);
			mainGroup = 998992791B33B6A5000B7FD2;
			productRefGroup = 998992831B33B6A5000B7FD2 /* Products */;
			projectDirPath = "";
			projectRoot = "";
			targets = (
				998992811B33B6A5000B7FD2 /* iidaPro-2015 */,
				9989929A1B33B6A5000B7FD2 /* iidaPro-2015Tests */,
			);
		};
/* End PBXProject section */

/* Begin PBXResourcesBuildPhase section */
		998992801B33B6A5000B7FD2 /* Resources */ = {
			isa = PBXResourcesBuildPhase;
			buildActionMask = 2147483647;
			files = (
				99F7438C1BEA3EFD00AF8195 /* TrashAlarmCell.xib in Resources */,
				99A86FEE1C05EDA400B979BA /* CalendarTableViewCell.xib in Resources */,
				8B18F1861B467B5A0060BF02 /* Main.storyboard in Resources */,
				99F743921BEB354800AF8195 /* noMyAlarmCell.xib in Resources */,
				99F743971BEB3BB500AF8195 /* MyAlarmCell.xib in Resources */,
				998992961B33B6A5000B7FD2 /* LaunchScreen.xib in Resources */,
				99C158021C1ABF9200DC527D /* GPSSearchTableViewCell.xib in Resources */,
				998992931B33B6A5000B7FD2 /* Images.xcassets in Resources */,
				8B7F9CCF1B4B8763008A825F /* TipsCustomCell.xib in Resources */,
				996162CB1C2E514C000A1C10 /* SearchCell.xib in Resources */,
			);
			runOnlyForDeploymentPostprocessing = 0;
		};
		998992991B33B6A5000B7FD2 /* Resources */ = {
			isa = PBXResourcesBuildPhase;
			buildActionMask = 2147483647;
			files = (
			);
			runOnlyForDeploymentPostprocessing = 0;
		};
/* End PBXResourcesBuildPhase section */

/* Begin PBXShellScriptBuildPhase section */
		4B3B92A844D409501D579181 /* Embed Pods Frameworks */ = {
			isa = PBXShellScriptBuildPhase;
			buildActionMask = 2147483647;
			files = (
			);
			inputPaths = (
			);
			name = "Embed Pods Frameworks";
			outputPaths = (
			);
			runOnlyForDeploymentPostprocessing = 0;
			shellPath = /bin/sh;
			shellScript = "\"${SRCROOT}/Pods/Target Support Files/Pods-iidaPro-2015/Pods-iidaPro-2015-frameworks.sh\"\n";
			showEnvVarsInLog = 0;
		};
		4B6C51B85EFA73FA43D64627 /* Check Pods Manifest.lock */ = {
			isa = PBXShellScriptBuildPhase;
			buildActionMask = 2147483647;
			files = (
			);
			inputPaths = (
			);
			name = "Check Pods Manifest.lock";
			outputPaths = (
			);
			runOnlyForDeploymentPostprocessing = 0;
			shellPath = /bin/sh;
			shellScript = "diff \"${PODS_ROOT}/../Podfile.lock\" \"${PODS_ROOT}/Manifest.lock\" > /dev/null\nif [[ $? != 0 ]] ; then\n    cat << EOM\nerror: The sandbox is not in sync with the Podfile.lock. Run 'pod install' or update your CocoaPods installation.\nEOM\n    exit 1\nfi\n";
			showEnvVarsInLog = 0;
		};
		BB7130A464909E4C2CABF593 /* Check Pods Manifest.lock */ = {
			isa = PBXShellScriptBuildPhase;
			buildActionMask = 2147483647;
			files = (
			);
			inputPaths = (
			);
			name = "Check Pods Manifest.lock";
			outputPaths = (
			);
			runOnlyForDeploymentPostprocessing = 0;
			shellPath = /bin/sh;
			shellScript = "diff \"${PODS_ROOT}/../Podfile.lock\" \"${PODS_ROOT}/Manifest.lock\" > /dev/null\nif [[ $? != 0 ]] ; then\n    cat << EOM\nerror: The sandbox is not in sync with the Podfile.lock. Run 'pod install' or update your CocoaPods installation.\nEOM\n    exit 1\nfi\n";
			showEnvVarsInLog = 0;
		};
		DEFBDCEDC184DF27BF3C98A4 /* Copy Pods Resources */ = {
			isa = PBXShellScriptBuildPhase;
			buildActionMask = 2147483647;
			files = (
			);
			inputPaths = (
			);
			name = "Copy Pods Resources";
			outputPaths = (
			);
			runOnlyForDeploymentPostprocessing = 0;
			shellPath = /bin/sh;
			shellScript = "\"${SRCROOT}/Pods/Target Support Files/Pods-iidaPro-2015/Pods-iidaPro-2015-resources.sh\"\n";
			showEnvVarsInLog = 0;
		};
/* End PBXShellScriptBuildPhase section */

/* Begin PBXSourcesBuildPhase section */
		9989927E1B33B6A5000B7FD2 /* Sources */ = {
			isa = PBXSourcesBuildPhase;
			buildActionMask = 2147483647;
			files = (
				8B9387861B4DF37E004E70E2 /* TipsViewController.m in Sources */,
				999A74591BF1C62000F25449 /* LocalNotificationManager.m in Sources */,
				99C173301C22E6D3006C4ED9 /* NSDateEx.swift in Sources */,
				9931E78B1BFF668E00BDB1E1 /* SettingTownViewController.m in Sources */,
				99801E581C28173C00D46A8B /* HomeModel.swift in Sources */,
				996162D11C2FBE2B000A1C10 /* CalendarViewController.swift in Sources */,
				9931E7841BF7711600BDB1E1 /* District.m in Sources */,
				8B88A87D1B4C949E000D970B /* TipsCustomTableCell.m in Sources */,
				99A408191BF232AD00FC0DDB /* AdjustNSDate.m in Sources */,
				99FEB67F1C1DB6F0007C352A /* RandomNumber.m in Sources */,
				997645401BBEAFFB007A5C78 /* AlarmViewController.m in Sources */,
				99781C621B835D3C0083CC7D /* RealmController.m in Sources */,
				99801E601C2A607B00D46A8B /* SearchViewController.swift in Sources */,
				996162CA1C2E514C000A1C10 /* SearchCell.swift in Sources */,
				99F7439A1BEB50BB00AF8195 /* AlarmPopUpView.m in Sources */,
				9976453D1BBEADCB007A5C78 /* CalendarViewControllerOld.m in Sources */,
				99A86FED1C05EDA400B979BA /* CalendarTableViewCell.m in Sources */,
				99F743911BEB354800AF8195 /* noMyAlarmCell.m in Sources */,
				99F7438B1BEA3EFD00AF8195 /* TrashAlarmCell.m in Sources */,
				99FEB6BC1C1EE644007C352A /* AppDelegate.swift in Sources */,
				99A036761C20370B00E7AA1C /* HomeViewController.swift in Sources */,
				997645431BBEB0FB007A5C78 /* ContactViewController.m in Sources */,
				99C158011C1ABF9200DC527D /* GPSSearchTableViewCell.m in Sources */,
				99D14E2E1C2BDFC300A1E62A /* Utilities.swift in Sources */,
				9931E7871BFF201700BDB1E1 /* TrashCategory.m in Sources */,
				996AE94E1C01F0F100A85464 /* DataViewController.m in Sources */,
				996162CD1C2E8A30000A1C10 /* SearchDetailViewController.swift in Sources */,
				99C1732E1C22BA29006C4ED9 /* Weather.swift in Sources */,
				99F743961BEB3BB500AF8195 /* MyAlarmCell.m in Sources */,
				99801E621C2A6E9600D46A8B /* SearchModel.swift in Sources */,
				8B88A8851B4C9FFE000D970B /* TipsNextViewController.m in Sources */,
				8B9CFBA51C0C694900A14020 /* TipsObject.m in Sources */,
				99C1732C1C21AE22006C4ED9 /* CircleGradientLayer_swift.swift in Sources */,
				997645461BBEB1C9007A5C78 /* SettingViewController.m in Sources */,
				99A036781C20451B00E7AA1C /* MenuCollectionViewCell.swift in Sources */,
			);
			runOnlyForDeploymentPostprocessing = 0;
		};
		998992971B33B6A5000B7FD2 /* Sources */ = {
			isa = PBXSourcesBuildPhase;
			buildActionMask = 2147483647;
			files = (
				998992A21B33B6A5000B7FD2 /* iidaPro_2015Tests.m in Sources */,
			);
			runOnlyForDeploymentPostprocessing = 0;
		};
/* End PBXSourcesBuildPhase section */

/* Begin PBXTargetDependency section */
		9989929D1B33B6A5000B7FD2 /* PBXTargetDependency */ = {
			isa = PBXTargetDependency;
			target = 998992811B33B6A5000B7FD2 /* iidaPro-2015 */;
			targetProxy = 9989929C1B33B6A5000B7FD2 /* PBXContainerItemProxy */;
		};
/* End PBXTargetDependency section */

/* Begin PBXVariantGroup section */
		998992941B33B6A5000B7FD2 /* LaunchScreen.xib */ = {
			isa = PBXVariantGroup;
			children = (
				998992951B33B6A5000B7FD2 /* Base */,
			);
			name = LaunchScreen.xib;
			sourceTree = "<group>";
		};
/* End PBXVariantGroup section */

/* Begin XCBuildConfiguration section */
		998992A31B33B6A5000B7FD2 /* Debug */ = {
			isa = XCBuildConfiguration;
			buildSettings = {
				ALWAYS_SEARCH_USER_PATHS = NO;
				CLANG_CXX_LANGUAGE_STANDARD = "gnu++0x";
				CLANG_CXX_LIBRARY = "libc++";
				CLANG_ENABLE_MODULES = YES;
				CLANG_ENABLE_OBJC_ARC = YES;
				CLANG_WARN_BOOL_CONVERSION = YES;
				CLANG_WARN_CONSTANT_CONVERSION = YES;
				CLANG_WARN_DIRECT_OBJC_ISA_USAGE = YES_ERROR;
				CLANG_WARN_EMPTY_BODY = YES;
				CLANG_WARN_ENUM_CONVERSION = YES;
				CLANG_WARN_INT_CONVERSION = YES;
				CLANG_WARN_OBJC_ROOT_CLASS = YES_ERROR;
				CLANG_WARN_UNREACHABLE_CODE = YES;
				CLANG_WARN__DUPLICATE_METHOD_MATCH = YES;
				"CODE_SIGN_IDENTITY[sdk=iphoneos*]" = "iPhone Developer";
				COPY_PHASE_STRIP = NO;
				DEBUG_INFORMATION_FORMAT = "dwarf-with-dsym";
				ENABLE_STRICT_OBJC_MSGSEND = YES;
				ENABLE_TESTABILITY = YES;
				GCC_C_LANGUAGE_STANDARD = gnu99;
				GCC_DYNAMIC_NO_PIC = NO;
				GCC_NO_COMMON_BLOCKS = YES;
				GCC_OPTIMIZATION_LEVEL = 0;
				GCC_PREPROCESSOR_DEFINITIONS = (
					"DEBUG=1",
					"$(inherited)",
				);
				GCC_SYMBOLS_PRIVATE_EXTERN = NO;
				GCC_WARN_64_TO_32_BIT_CONVERSION = YES;
				GCC_WARN_ABOUT_RETURN_TYPE = YES_ERROR;
				GCC_WARN_UNDECLARED_SELECTOR = YES;
				GCC_WARN_UNINITIALIZED_AUTOS = YES_AGGRESSIVE;
				GCC_WARN_UNUSED_FUNCTION = YES;
				GCC_WARN_UNUSED_VARIABLE = YES;
				IPHONEOS_DEPLOYMENT_TARGET = 9.0;
				MTL_ENABLE_DEBUG_INFO = YES;
				ONLY_ACTIVE_ARCH = YES;
				PODS_ROOT = "${SRCROOT}/Pods";
				SDKROOT = iphoneos;
			};
			name = Debug;
		};
		998992A41B33B6A5000B7FD2 /* Release */ = {
			isa = XCBuildConfiguration;
			buildSettings = {
				ALWAYS_SEARCH_USER_PATHS = NO;
				CLANG_CXX_LANGUAGE_STANDARD = "gnu++0x";
				CLANG_CXX_LIBRARY = "libc++";
				CLANG_ENABLE_MODULES = YES;
				CLANG_ENABLE_OBJC_ARC = YES;
				CLANG_WARN_BOOL_CONVERSION = YES;
				CLANG_WARN_CONSTANT_CONVERSION = YES;
				CLANG_WARN_DIRECT_OBJC_ISA_USAGE = YES_ERROR;
				CLANG_WARN_EMPTY_BODY = YES;
				CLANG_WARN_ENUM_CONVERSION = YES;
				CLANG_WARN_INT_CONVERSION = YES;
				CLANG_WARN_OBJC_ROOT_CLASS = YES_ERROR;
				CLANG_WARN_UNREACHABLE_CODE = YES;
				CLANG_WARN__DUPLICATE_METHOD_MATCH = YES;
				"CODE_SIGN_IDENTITY[sdk=iphoneos*]" = "iPhone Developer";
				COPY_PHASE_STRIP = NO;
				DEBUG_INFORMATION_FORMAT = "dwarf-with-dsym";
				ENABLE_NS_ASSERTIONS = NO;
				ENABLE_STRICT_OBJC_MSGSEND = YES;
				GCC_C_LANGUAGE_STANDARD = gnu99;
				GCC_NO_COMMON_BLOCKS = YES;
				GCC_WARN_64_TO_32_BIT_CONVERSION = YES;
				GCC_WARN_ABOUT_RETURN_TYPE = YES_ERROR;
				GCC_WARN_UNDECLARED_SELECTOR = YES;
				GCC_WARN_UNINITIALIZED_AUTOS = YES_AGGRESSIVE;
				GCC_WARN_UNUSED_FUNCTION = YES;
				GCC_WARN_UNUSED_VARIABLE = YES;
				IPHONEOS_DEPLOYMENT_TARGET = 9.0;
				MTL_ENABLE_DEBUG_INFO = NO;
				PODS_ROOT = "${SRCROOT}/Pods";
				SDKROOT = iphoneos;
				VALIDATE_PRODUCT = YES;
			};
			name = Release;
		};
		998992A61B33B6A5000B7FD2 /* Debug */ = {
			isa = XCBuildConfiguration;
			baseConfigurationReference = 1BB2B62595F38D5333CA39A7 /* Pods-iidaPro-2015.debug.xcconfig */;
			buildSettings = {
				APPLICATION_EXTENSION_API_ONLY = NO;
				ASSETCATALOG_COMPILER_APPICON_NAME = appIcon;
				CLANG_ENABLE_MODULES = YES;
				FRAMEWORK_SEARCH_PATHS = (
					"$(inherited)",
					"$(PROJECT_DIR)/Carthage/Build/iOS",
				);
				INFOPLIST_FILE = "iidaPro-2015/Info.plist";
				IPHONEOS_DEPLOYMENT_TARGET = 9.0;
				LD_RUNPATH_SEARCH_PATHS = "$(inherited) @executable_path/Frameworks";
				PRODUCT_BUNDLE_IDENTIFIER = "com.akaimo.$(PRODUCT_NAME:rfc1034identifier)";
				PRODUCT_NAME = "$(TARGET_NAME)";
				SWIFT_OBJC_BRIDGING_HEADER = "iidaPro-2015/iidaPro-2015-Bridging-Header.h";
				SWIFT_OPTIMIZATION_LEVEL = "-Onone";
			};
			name = Debug;
		};
		998992A71B33B6A5000B7FD2 /* Release */ = {
			isa = XCBuildConfiguration;
			baseConfigurationReference = B724D6246FB52462BBC8C540 /* Pods-iidaPro-2015.release.xcconfig */;
			buildSettings = {
				APPLICATION_EXTENSION_API_ONLY = NO;
				ASSETCATALOG_COMPILER_APPICON_NAME = appIcon;
				CLANG_ENABLE_MODULES = YES;
				FRAMEWORK_SEARCH_PATHS = (
					"$(inherited)",
					"$(PROJECT_DIR)/Carthage/Build/iOS",
				);
				INFOPLIST_FILE = "iidaPro-2015/Info.plist";
				IPHONEOS_DEPLOYMENT_TARGET = 9.0;
				LD_RUNPATH_SEARCH_PATHS = "$(inherited) @executable_path/Frameworks";
				PRODUCT_BUNDLE_IDENTIFIER = "com.akaimo.$(PRODUCT_NAME:rfc1034identifier)";
				PRODUCT_NAME = "$(TARGET_NAME)";
				SWIFT_OBJC_BRIDGING_HEADER = "iidaPro-2015/iidaPro-2015-Bridging-Header.h";
			};
			name = Release;
		};
		998992A91B33B6A5000B7FD2 /* Debug */ = {
			isa = XCBuildConfiguration;
			baseConfigurationReference = BEDB9DFAF44AABBF0346C543 /* Pods-iidaPro-2015Tests.debug.xcconfig */;
			buildSettings = {
				BUNDLE_LOADER = "$(TEST_HOST)";
				FRAMEWORK_SEARCH_PATHS = (
					"$(SDKROOT)/Developer/Library/Frameworks",
					"$(inherited)",
				);
				GCC_PREPROCESSOR_DEFINITIONS = (
					"DEBUG=1",
					"$(inherited)",
				);
				INFOPLIST_FILE = "iidaPro-2015Tests/Info.plist";
				LD_RUNPATH_SEARCH_PATHS = "$(inherited) @executable_path/Frameworks @loader_path/Frameworks";
				PRODUCT_BUNDLE_IDENTIFIER = "com.akaimo.$(PRODUCT_NAME:rfc1034identifier)";
				PRODUCT_NAME = "$(TARGET_NAME)";
				TEST_HOST = "$(BUILT_PRODUCTS_DIR)/iidaPro-2015.app/iidaPro-2015";
			};
			name = Debug;
		};
		998992AA1B33B6A5000B7FD2 /* Release */ = {
			isa = XCBuildConfiguration;
			baseConfigurationReference = 46F83707640A8F08C706D118 /* Pods-iidaPro-2015Tests.release.xcconfig */;
			buildSettings = {
				BUNDLE_LOADER = "$(TEST_HOST)";
				FRAMEWORK_SEARCH_PATHS = (
					"$(SDKROOT)/Developer/Library/Frameworks",
					"$(inherited)",
				);
				INFOPLIST_FILE = "iidaPro-2015Tests/Info.plist";
				LD_RUNPATH_SEARCH_PATHS = "$(inherited) @executable_path/Frameworks @loader_path/Frameworks";
				PRODUCT_BUNDLE_IDENTIFIER = "com.akaimo.$(PRODUCT_NAME:rfc1034identifier)";
				PRODUCT_NAME = "$(TARGET_NAME)";
				TEST_HOST = "$(BUILT_PRODUCTS_DIR)/iidaPro-2015.app/iidaPro-2015";
			};
			name = Release;
		};
/* End XCBuildConfiguration section */

/* Begin XCConfigurationList section */
		9989927D1B33B6A5000B7FD2 /* Build configuration list for PBXProject "iidaPro-2015" */ = {
			isa = XCConfigurationList;
			buildConfigurations = (
				998992A31B33B6A5000B7FD2 /* Debug */,
				998992A41B33B6A5000B7FD2 /* Release */,
			);
			defaultConfigurationIsVisible = 0;
			defaultConfigurationName = Release;
		};
		998992A51B33B6A5000B7FD2 /* Build configuration list for PBXNativeTarget "iidaPro-2015" */ = {
			isa = XCConfigurationList;
			buildConfigurations = (
				998992A61B33B6A5000B7FD2 /* Debug */,
				998992A71B33B6A5000B7FD2 /* Release */,
			);
			defaultConfigurationIsVisible = 0;
			defaultConfigurationName = Release;
		};
		998992A81B33B6A5000B7FD2 /* Build configuration list for PBXNativeTarget "iidaPro-2015Tests" */ = {
			isa = XCConfigurationList;
			buildConfigurations = (
				998992A91B33B6A5000B7FD2 /* Debug */,
				998992AA1B33B6A5000B7FD2 /* Release */,
			);
			defaultConfigurationIsVisible = 0;
			defaultConfigurationName = Release;
		};
/* End XCConfigurationList section */
	};
	rootObject = 9989927A1B33B6A5000B7FD2 /* Project object */;
}
